// !$*UTF8*$!
{
	archiveVersion = 1;
	classes = {
	};
	objectVersion = 55;
	objects = {

/* Begin PBXBuildFile section */
		0727A158A6698D2A7537C726 /* Pods_ApplePaySDKExample.framework in Frameworks */ = {isa = PBXBuildFile; fileRef = F75DFBC0D2E1CE68AE5665A4 /* Pods_ApplePaySDKExample.framework */; };
		559F42A7C0D59EE298432F7A /* Pods_tapapplepaysdk.framework in Frameworks */ = {isa = PBXBuildFile; fileRef = 79F7F8A2652057E58A3F2352 /* Pods_tapapplepaysdk.framework */; };
		E84B8BAC2941ED1E00DFCDD1 /* tapapplepaysdk.docc in Sources */ = {isa = PBXBuildFile; fileRef = E84B8BAB2941ED1E00DFCDD1 /* tapapplepaysdk.docc */; };
		E84B8BAD2941ED1E00DFCDD1 /* tapapplepaysdk.h in Headers */ = {isa = PBXBuildFile; fileRef = E84B8BAA2941ED1E00DFCDD1 /* tapapplepaysdk.h */; settings = {ATTRIBUTES = (Public, ); }; };
		E84B8BBC2941ED8C00DFCDD1 /* AppDelegate.swift in Sources */ = {isa = PBXBuildFile; fileRef = E84B8BBB2941ED8C00DFCDD1 /* AppDelegate.swift */; };
		E84B8BBE2941ED8C00DFCDD1 /* SceneDelegate.swift in Sources */ = {isa = PBXBuildFile; fileRef = E84B8BBD2941ED8C00DFCDD1 /* SceneDelegate.swift */; };
		E84B8BC02941ED8C00DFCDD1 /* ViewController.swift in Sources */ = {isa = PBXBuildFile; fileRef = E84B8BBF2941ED8C00DFCDD1 /* ViewController.swift */; };
		E84B8BC32941ED8C00DFCDD1 /* Main.storyboard in Resources */ = {isa = PBXBuildFile; fileRef = E84B8BC12941ED8C00DFCDD1 /* Main.storyboard */; };
		E84B8BC52941ED8E00DFCDD1 /* Assets.xcassets in Resources */ = {isa = PBXBuildFile; fileRef = E84B8BC42941ED8E00DFCDD1 /* Assets.xcassets */; };
		E84B8BC82941ED8E00DFCDD1 /* LaunchScreen.storyboard in Resources */ = {isa = PBXBuildFile; fileRef = E84B8BC62941ED8E00DFCDD1 /* LaunchScreen.storyboard */; };
		E84B8BCE2941EDB000DFCDD1 /* tapapplepaysdk.framework in Frameworks */ = {isa = PBXBuildFile; fileRef = E84B8BA72941ED1E00DFCDD1 /* tapapplepaysdk.framework */; };
		E84B8BCF2941EDB000DFCDD1 /* tapapplepaysdk.framework in Embed Frameworks */ = {isa = PBXBuildFile; fileRef = E84B8BA72941ED1E00DFCDD1 /* tapapplepaysdk.framework */; settings = {ATTRIBUTES = (CodeSignOnCopy, RemoveHeadersOnCopy, ); }; };
		E8CD2E162962CD1A00BE400B /* TapApplePayButtonStyleOutline.swift in Sources */ = {isa = PBXBuildFile; fileRef = E8CD2DFF2962CD1A00BE400B /* TapApplePayButtonStyleOutline.swift */; };
		E8CD2E172962CD1A00BE400B /* TapApplePayPaymentNetwork.swift in Sources */ = {isa = PBXBuildFile; fileRef = E8CD2E002962CD1A00BE400B /* TapApplePayPaymentNetwork.swift */; };
		E8CD2E182962CD1A00BE400B /* TapApplePayStatus.swift in Sources */ = {isa = PBXBuildFile; fileRef = E8CD2E012962CD1A00BE400B /* TapApplePayStatus.swift */; };
		E8CD2E192962CD1A00BE400B /* TapApplePayButtonType.swift in Sources */ = {isa = PBXBuildFile; fileRef = E8CD2E022962CD1A00BE400B /* TapApplePayButtonType.swift */; };
		E8CD2E1A2962CD1A00BE400B /* TapApplePayToken.swift in Sources */ = {isa = PBXBuildFile; fileRef = E8CD2E042962CD1A00BE400B /* TapApplePayToken.swift */; };
		E8CD2E1B2962CD1A00BE400B /* TapApplePayRequest.swift in Sources */ = {isa = PBXBuildFile; fileRef = E8CD2E052962CD1A00BE400B /* TapApplePayRequest.swift */; };
		E8CD2E1C2962CD1A00BE400B /* InternalSDKSettings.swift in Sources */ = {isa = PBXBuildFile; fileRef = E8CD2E062962CD1A00BE400B /* InternalSDKSettings.swift */; };
		E8CD2E1D2962CD1A00BE400B /* Permissions.swift in Sources */ = {isa = PBXBuildFile; fileRef = E8CD2E072962CD1A00BE400B /* Permissions.swift */; };
		E8CD2E1E2962CD1A00BE400B /* ApiErrorModel.swift in Sources */ = {isa = PBXBuildFile; fileRef = E8CD2E082962CD1A00BE400B /* ApiErrorModel.swift */; };
		E8CD2E1F2962CD1A00BE400B /* Merchant.swift in Sources */ = {isa = PBXBuildFile; fileRef = E8CD2E092962CD1A00BE400B /* Merchant.swift */; };
		E8CD2E202962CD1A00BE400B /* TapApplePayButton.swift in Sources */ = {isa = PBXBuildFile; fileRef = E8CD2E0B2962CD1A00BE400B /* TapApplePayButton.swift */; };
		E8CD2E212962CD1A00BE400B /* TapApplePay.swift in Sources */ = {isa = PBXBuildFile; fileRef = E8CD2E0C2962CD1A00BE400B /* TapApplePay.swift */; };
		E8CD2E222962CD1A00BE400B /* TapApplePayButton.xib in Resources */ = {isa = PBXBuildFile; fileRef = E8CD2E0E2962CD1A00BE400B /* TapApplePayButton.xib */; };
		E8CD2E232962CD1A00BE400B /* TapNetworkPath.swift in Sources */ = {isa = PBXBuildFile; fileRef = E8CD2E112962CD1A00BE400B /* TapNetworkPath.swift */; };
		E8CD2E242962CD1A00BE400B /* NetworkManager.swift in Sources */ = {isa = PBXBuildFile; fileRef = E8CD2E122962CD1A00BE400B /* NetworkManager.swift */; };
		E8CD2E252962CD1A00BE400B /* NetworkManagerExtension.swift in Sources */ = {isa = PBXBuildFile; fileRef = E8CD2E132962CD1A00BE400B /* NetworkManagerExtension.swift */; };
		E8CD2E262962CD1A00BE400B /* TapCreateTokenWithApplePayRequest.swift in Sources */ = {isa = PBXBuildFile; fileRef = E8CD2E142962CD1A00BE400B /* TapCreateTokenWithApplePayRequest.swift */; };
		E8CD2E272962CD1A00BE400B /* FlurryLogger.swift in Sources */ = {isa = PBXBuildFile; fileRef = E8CD2E152962CD1A00BE400B /* FlurryLogger.swift */; };
		E8CD2E332962CD7300BE400B /* YBTextPickerDataModel.swift in Sources */ = {isa = PBXBuildFile; fileRef = E8CD2E2A2962CD7300BE400B /* YBTextPickerDataModel.swift */; };
		E8CD2E342962CD7300BE400B /* YBTextPickerCell.xib in Resources */ = {isa = PBXBuildFile; fileRef = E8CD2E2C2962CD7300BE400B /* YBTextPickerCell.xib */; };
		E8CD2E352962CD7300BE400B /* YBTextPickerCell.swift in Sources */ = {isa = PBXBuildFile; fileRef = E8CD2E2D2962CD7300BE400B /* YBTextPickerCell.swift */; };
		E8CD2E362962CD7300BE400B /* YBTextPicker.swift in Sources */ = {isa = PBXBuildFile; fileRef = E8CD2E2E2962CD7300BE400B /* YBTextPicker.swift */; };
		E8CD2E372962CD7300BE400B /* YBTextPicker_checked.png in Resources */ = {isa = PBXBuildFile; fileRef = E8CD2E302962CD7300BE400B /* YBTextPicker_checked.png */; };
		E8CD2E382962CD7300BE400B /* YBTextPicker_unchecked.png in Resources */ = {isa = PBXBuildFile; fileRef = E8CD2E312962CD7300BE400B /* YBTextPicker_unchecked.png */; };
		E8CD2E392962CD7300BE400B /* YBTextPicker.xib in Resources */ = {isa = PBXBuildFile; fileRef = E8CD2E322962CD7300BE400B /* YBTextPicker.xib */; };
/* End PBXBuildFile section */

/* Begin PBXContainerItemProxy section */
		E84B8BD02941EDB000DFCDD1 /* PBXContainerItemProxy */ = {
			isa = PBXContainerItemProxy;
			containerPortal = E84B8B9E2941ED1E00DFCDD1 /* Project object */;
			proxyType = 1;
			remoteGlobalIDString = E84B8BA62941ED1E00DFCDD1;
			remoteInfo = tapapplepaysdk;
		};
/* End PBXContainerItemProxy section */

/* Begin PBXCopyFilesBuildPhase section */
		E84B8BD22941EDB000DFCDD1 /* Embed Frameworks */ = {
			isa = PBXCopyFilesBuildPhase;
			buildActionMask = 2147483647;
			dstPath = "";
			dstSubfolderSpec = 10;
			files = (
				E84B8BCF2941EDB000DFCDD1 /* tapapplepaysdk.framework in Embed Frameworks */,
			);
			name = "Embed Frameworks";
			runOnlyForDeploymentPostprocessing = 0;
		};
/* End PBXCopyFilesBuildPhase section */

/* Begin PBXFileReference section */
		3E99A446D9163C697232A133 /* Pods-ApplePaySDKExample.debug.xcconfig */ = {isa = PBXFileReference; includeInIndex = 1; lastKnownFileType = text.xcconfig; name = "Pods-ApplePaySDKExample.debug.xcconfig"; path = "Target Support Files/Pods-ApplePaySDKExample/Pods-ApplePaySDKExample.debug.xcconfig"; sourceTree = "<group>"; };
		5238C1F9C7D7BD3B45155297 /* Pods-tapapplepaysdk.debug.xcconfig */ = {isa = PBXFileReference; includeInIndex = 1; lastKnownFileType = text.xcconfig; name = "Pods-tapapplepaysdk.debug.xcconfig"; path = "Target Support Files/Pods-tapapplepaysdk/Pods-tapapplepaysdk.debug.xcconfig"; sourceTree = "<group>"; };
		79F7F8A2652057E58A3F2352 /* Pods_tapapplepaysdk.framework */ = {isa = PBXFileReference; explicitFileType = wrapper.framework; includeInIndex = 0; path = Pods_tapapplepaysdk.framework; sourceTree = BUILT_PRODUCTS_DIR; };
		8C2AB235F5601D1B9636163E /* Pods-tapapplepaysdk.release.xcconfig */ = {isa = PBXFileReference; includeInIndex = 1; lastKnownFileType = text.xcconfig; name = "Pods-tapapplepaysdk.release.xcconfig"; path = "Target Support Files/Pods-tapapplepaysdk/Pods-tapapplepaysdk.release.xcconfig"; sourceTree = "<group>"; };
		DE9AD022CBFFE9F064632761 /* Pods-ApplePaySDKExample.release.xcconfig */ = {isa = PBXFileReference; includeInIndex = 1; lastKnownFileType = text.xcconfig; name = "Pods-ApplePaySDKExample.release.xcconfig"; path = "Target Support Files/Pods-ApplePaySDKExample/Pods-ApplePaySDKExample.release.xcconfig"; sourceTree = "<group>"; };
		E84B8BA72941ED1E00DFCDD1 /* tapapplepaysdk.framework */ = {isa = PBXFileReference; explicitFileType = wrapper.framework; includeInIndex = 0; path = tapapplepaysdk.framework; sourceTree = BUILT_PRODUCTS_DIR; };
		E84B8BAA2941ED1E00DFCDD1 /* tapapplepaysdk.h */ = {isa = PBXFileReference; lastKnownFileType = sourcecode.c.h; path = tapapplepaysdk.h; sourceTree = "<group>"; };
		E84B8BAB2941ED1E00DFCDD1 /* tapapplepaysdk.docc */ = {isa = PBXFileReference; lastKnownFileType = folder.documentationcatalog; path = tapapplepaysdk.docc; sourceTree = "<group>"; };
		E84B8BB92941ED8C00DFCDD1 /* ApplePaySDKExample.app */ = {isa = PBXFileReference; explicitFileType = wrapper.application; includeInIndex = 0; path = ApplePaySDKExample.app; sourceTree = BUILT_PRODUCTS_DIR; };
		E84B8BBB2941ED8C00DFCDD1 /* AppDelegate.swift */ = {isa = PBXFileReference; lastKnownFileType = sourcecode.swift; path = AppDelegate.swift; sourceTree = "<group>"; };
		E84B8BBD2941ED8C00DFCDD1 /* SceneDelegate.swift */ = {isa = PBXFileReference; lastKnownFileType = sourcecode.swift; path = SceneDelegate.swift; sourceTree = "<group>"; };
		E84B8BBF2941ED8C00DFCDD1 /* ViewController.swift */ = {isa = PBXFileReference; lastKnownFileType = sourcecode.swift; path = ViewController.swift; sourceTree = "<group>"; };
		E84B8BC22941ED8C00DFCDD1 /* Base */ = {isa = PBXFileReference; lastKnownFileType = file.storyboard; name = Base; path = Base.lproj/Main.storyboard; sourceTree = "<group>"; };
		E84B8BC42941ED8E00DFCDD1 /* Assets.xcassets */ = {isa = PBXFileReference; lastKnownFileType = folder.assetcatalog; path = Assets.xcassets; sourceTree = "<group>"; };
		E84B8BC72941ED8E00DFCDD1 /* Base */ = {isa = PBXFileReference; lastKnownFileType = file.storyboard; name = Base; path = Base.lproj/LaunchScreen.storyboard; sourceTree = "<group>"; };
		E84B8BC92941ED8E00DFCDD1 /* Info.plist */ = {isa = PBXFileReference; lastKnownFileType = text.plist.xml; path = Info.plist; sourceTree = "<group>"; };
		E8CD2DFF2962CD1A00BE400B /* TapApplePayButtonStyleOutline.swift */ = {isa = PBXFileReference; fileEncoding = 4; lastKnownFileType = sourcecode.swift; path = TapApplePayButtonStyleOutline.swift; sourceTree = "<group>"; };
		E8CD2E002962CD1A00BE400B /* TapApplePayPaymentNetwork.swift */ = {isa = PBXFileReference; fileEncoding = 4; lastKnownFileType = sourcecode.swift; path = TapApplePayPaymentNetwork.swift; sourceTree = "<group>"; };
		E8CD2E012962CD1A00BE400B /* TapApplePayStatus.swift */ = {isa = PBXFileReference; fileEncoding = 4; lastKnownFileType = sourcecode.swift; path = TapApplePayStatus.swift; sourceTree = "<group>"; };
		E8CD2E022962CD1A00BE400B /* TapApplePayButtonType.swift */ = {isa = PBXFileReference; fileEncoding = 4; lastKnownFileType = sourcecode.swift; path = TapApplePayButtonType.swift; sourceTree = "<group>"; };
		E8CD2E042962CD1A00BE400B /* TapApplePayToken.swift */ = {isa = PBXFileReference; fileEncoding = 4; lastKnownFileType = sourcecode.swift; path = TapApplePayToken.swift; sourceTree = "<group>"; };
		E8CD2E052962CD1A00BE400B /* TapApplePayRequest.swift */ = {isa = PBXFileReference; fileEncoding = 4; lastKnownFileType = sourcecode.swift; path = TapApplePayRequest.swift; sourceTree = "<group>"; };
		E8CD2E062962CD1A00BE400B /* InternalSDKSettings.swift */ = {isa = PBXFileReference; fileEncoding = 4; lastKnownFileType = sourcecode.swift; path = InternalSDKSettings.swift; sourceTree = "<group>"; };
		E8CD2E072962CD1A00BE400B /* Permissions.swift */ = {isa = PBXFileReference; fileEncoding = 4; lastKnownFileType = sourcecode.swift; path = Permissions.swift; sourceTree = "<group>"; };
		E8CD2E082962CD1A00BE400B /* ApiErrorModel.swift */ = {isa = PBXFileReference; fileEncoding = 4; lastKnownFileType = sourcecode.swift; path = ApiErrorModel.swift; sourceTree = "<group>"; };
		E8CD2E092962CD1A00BE400B /* Merchant.swift */ = {isa = PBXFileReference; fileEncoding = 4; lastKnownFileType = sourcecode.swift; path = Merchant.swift; sourceTree = "<group>"; };
		E8CD2E0B2962CD1A00BE400B /* TapApplePayButton.swift */ = {isa = PBXFileReference; fileEncoding = 4; lastKnownFileType = sourcecode.swift; path = TapApplePayButton.swift; sourceTree = "<group>"; };
		E8CD2E0C2962CD1A00BE400B /* TapApplePay.swift */ = {isa = PBXFileReference; fileEncoding = 4; lastKnownFileType = sourcecode.swift; path = TapApplePay.swift; sourceTree = "<group>"; };
		E8CD2E0E2962CD1A00BE400B /* TapApplePayButton.xib */ = {isa = PBXFileReference; fileEncoding = 4; lastKnownFileType = file.xib; path = TapApplePayButton.xib; sourceTree = "<group>"; };
		E8CD2E112962CD1A00BE400B /* TapNetworkPath.swift */ = {isa = PBXFileReference; fileEncoding = 4; lastKnownFileType = sourcecode.swift; path = TapNetworkPath.swift; sourceTree = "<group>"; };
		E8CD2E122962CD1A00BE400B /* NetworkManager.swift */ = {isa = PBXFileReference; fileEncoding = 4; lastKnownFileType = sourcecode.swift; path = NetworkManager.swift; sourceTree = "<group>"; };
		E8CD2E132962CD1A00BE400B /* NetworkManagerExtension.swift */ = {isa = PBXFileReference; fileEncoding = 4; lastKnownFileType = sourcecode.swift; path = NetworkManagerExtension.swift; sourceTree = "<group>"; };
		E8CD2E142962CD1A00BE400B /* TapCreateTokenWithApplePayRequest.swift */ = {isa = PBXFileReference; fileEncoding = 4; lastKnownFileType = sourcecode.swift; path = TapCreateTokenWithApplePayRequest.swift; sourceTree = "<group>"; };
		E8CD2E152962CD1A00BE400B /* FlurryLogger.swift */ = {isa = PBXFileReference; fileEncoding = 4; lastKnownFileType = sourcecode.swift; path = FlurryLogger.swift; sourceTree = "<group>"; };
		E8CD2E282962CD3400BE400B /* ApplePaySDKExample.entitlements */ = {isa = PBXFileReference; lastKnownFileType = text.plist.entitlements; path = ApplePaySDKExample.entitlements; sourceTree = "<group>"; };
		E8CD2E2A2962CD7300BE400B /* YBTextPickerDataModel.swift */ = {isa = PBXFileReference; fileEncoding = 4; lastKnownFileType = sourcecode.swift; path = YBTextPickerDataModel.swift; sourceTree = "<group>"; };
		E8CD2E2C2962CD7300BE400B /* YBTextPickerCell.xib */ = {isa = PBXFileReference; fileEncoding = 4; lastKnownFileType = file.xib; path = YBTextPickerCell.xib; sourceTree = "<group>"; };
		E8CD2E2D2962CD7300BE400B /* YBTextPickerCell.swift */ = {isa = PBXFileReference; fileEncoding = 4; lastKnownFileType = sourcecode.swift; path = YBTextPickerCell.swift; sourceTree = "<group>"; };
		E8CD2E2E2962CD7300BE400B /* YBTextPicker.swift */ = {isa = PBXFileReference; fileEncoding = 4; lastKnownFileType = sourcecode.swift; path = YBTextPicker.swift; sourceTree = "<group>"; };
		E8CD2E302962CD7300BE400B /* YBTextPicker_checked.png */ = {isa = PBXFileReference; lastKnownFileType = image.png; path = YBTextPicker_checked.png; sourceTree = "<group>"; };
		E8CD2E312962CD7300BE400B /* YBTextPicker_unchecked.png */ = {isa = PBXFileReference; lastKnownFileType = image.png; path = YBTextPicker_unchecked.png; sourceTree = "<group>"; };
		E8CD2E322962CD7300BE400B /* YBTextPicker.xib */ = {isa = PBXFileReference; fileEncoding = 4; lastKnownFileType = file.xib; path = YBTextPicker.xib; sourceTree = "<group>"; };
		F75DFBC0D2E1CE68AE5665A4 /* Pods_ApplePaySDKExample.framework */ = {isa = PBXFileReference; explicitFileType = wrapper.framework; includeInIndex = 0; path = Pods_ApplePaySDKExample.framework; sourceTree = BUILT_PRODUCTS_DIR; };
/* End PBXFileReference section */

/* Begin PBXFrameworksBuildPhase section */
		E84B8BA42941ED1E00DFCDD1 /* Frameworks */ = {
			isa = PBXFrameworksBuildPhase;
			buildActionMask = 2147483647;
			files = (
				559F42A7C0D59EE298432F7A /* Pods_tapapplepaysdk.framework in Frameworks */,
			);
			runOnlyForDeploymentPostprocessing = 0;
		};
		E84B8BB62941ED8C00DFCDD1 /* Frameworks */ = {
			isa = PBXFrameworksBuildPhase;
			buildActionMask = 2147483647;
			files = (
				E84B8BCE2941EDB000DFCDD1 /* tapapplepaysdk.framework in Frameworks */,
				0727A158A6698D2A7537C726 /* Pods_ApplePaySDKExample.framework in Frameworks */,
			);
			runOnlyForDeploymentPostprocessing = 0;
		};
/* End PBXFrameworksBuildPhase section */

/* Begin PBXGroup section */
		5152C1D96035CDE59B8ADBAC /* Pods */ = {
			isa = PBXGroup;
			children = (
				3E99A446D9163C697232A133 /* Pods-ApplePaySDKExample.debug.xcconfig */,
				DE9AD022CBFFE9F064632761 /* Pods-ApplePaySDKExample.release.xcconfig */,
				5238C1F9C7D7BD3B45155297 /* Pods-tapapplepaysdk.debug.xcconfig */,
				8C2AB235F5601D1B9636163E /* Pods-tapapplepaysdk.release.xcconfig */,
			);
			path = Pods;
			sourceTree = "<group>";
		};
		E84B8B9D2941ED1E00DFCDD1 = {
			isa = PBXGroup;
			children = (
				E84B8BA92941ED1E00DFCDD1 /* tapapplepaysdk */,
				E84B8BBA2941ED8C00DFCDD1 /* ApplePaySDKExample */,
				E84B8BA82941ED1E00DFCDD1 /* Products */,
				E84B8BCD2941EDB000DFCDD1 /* Frameworks */,
				5152C1D96035CDE59B8ADBAC /* Pods */,
			);
			sourceTree = "<group>";
		};
		E84B8BA82941ED1E00DFCDD1 /* Products */ = {
			isa = PBXGroup;
			children = (
				E84B8BA72941ED1E00DFCDD1 /* tapapplepaysdk.framework */,
				E84B8BB92941ED8C00DFCDD1 /* ApplePaySDKExample.app */,
			);
			name = Products;
			sourceTree = "<group>";
		};
		E84B8BA92941ED1E00DFCDD1 /* tapapplepaysdk */ = {
			isa = PBXGroup;
			children = (
				E8CD2E3A2962E7E000BE400B /* Core */,
				E84B8BAA2941ED1E00DFCDD1 /* tapapplepaysdk.h */,
				E84B8BAB2941ED1E00DFCDD1 /* tapapplepaysdk.docc */,
			);
			path = tapapplepaysdk;
			sourceTree = "<group>";
		};
		E84B8BBA2941ED8C00DFCDD1 /* ApplePaySDKExample */ = {
			isa = PBXGroup;
			children = (
				E8CD2E292962CD7300BE400B /* YBTextPicker */,
				E8CD2E282962CD3400BE400B /* ApplePaySDKExample.entitlements */,
				E84B8BBB2941ED8C00DFCDD1 /* AppDelegate.swift */,
				E84B8BBD2941ED8C00DFCDD1 /* SceneDelegate.swift */,
				E84B8BBF2941ED8C00DFCDD1 /* ViewController.swift */,
				E84B8BC12941ED8C00DFCDD1 /* Main.storyboard */,
				E84B8BC42941ED8E00DFCDD1 /* Assets.xcassets */,
				E84B8BC62941ED8E00DFCDD1 /* LaunchScreen.storyboard */,
				E84B8BC92941ED8E00DFCDD1 /* Info.plist */,
			);
			path = ApplePaySDKExample;
			sourceTree = "<group>";
		};
		E84B8BCD2941EDB000DFCDD1 /* Frameworks */ = {
			isa = PBXGroup;
			children = (
				F75DFBC0D2E1CE68AE5665A4 /* Pods_ApplePaySDKExample.framework */,
				79F7F8A2652057E58A3F2352 /* Pods_tapapplepaysdk.framework */,
			);
			name = Frameworks;
			sourceTree = "<group>";
		};
		E8CD2DFD2962CD1A00BE400B /* public */ = {
			isa = PBXGroup;
			children = (
				E8CD2DFE2962CD1A00BE400B /* enums */,
				E8CD2E032962CD1A00BE400B /* Models */,
				E8CD2E0A2962CD1A00BE400B /* Controllers */,
			);
			path = public;
			sourceTree = "<group>";
		};
		E8CD2DFE2962CD1A00BE400B /* enums */ = {
			isa = PBXGroup;
			children = (
				E8CD2DFF2962CD1A00BE400B /* TapApplePayButtonStyleOutline.swift */,
				E8CD2E002962CD1A00BE400B /* TapApplePayPaymentNetwork.swift */,
				E8CD2E012962CD1A00BE400B /* TapApplePayStatus.swift */,
				E8CD2E022962CD1A00BE400B /* TapApplePayButtonType.swift */,
			);
			path = enums;
			sourceTree = "<group>";
		};
		E8CD2E032962CD1A00BE400B /* Models */ = {
			isa = PBXGroup;
			children = (
				E8CD2E042962CD1A00BE400B /* TapApplePayToken.swift */,
				E8CD2E052962CD1A00BE400B /* TapApplePayRequest.swift */,
				E8CD2E062962CD1A00BE400B /* InternalSDKSettings.swift */,
				E8CD2E072962CD1A00BE400B /* Permissions.swift */,
				E8CD2E082962CD1A00BE400B /* ApiErrorModel.swift */,
				E8CD2E092962CD1A00BE400B /* Merchant.swift */,
			);
			path = Models;
			sourceTree = "<group>";
		};
		E8CD2E0A2962CD1A00BE400B /* Controllers */ = {
			isa = PBXGroup;
			children = (
				E8CD2E0B2962CD1A00BE400B /* TapApplePayButton.swift */,
				E8CD2E0C2962CD1A00BE400B /* TapApplePay.swift */,
			);
			path = Controllers;
			sourceTree = "<group>";
		};
		E8CD2E0D2962CD1A00BE400B /* Assets */ = {
			isa = PBXGroup;
			children = (
				E8CD2E0E2962CD1A00BE400B /* TapApplePayButton.xib */,
			);
			path = Assets;
			sourceTree = "<group>";
		};
		E8CD2E0F2962CD1A00BE400B /* private */ = {
			isa = PBXGroup;
			children = (
				E8CD2E102962CD1A00BE400B /* Network */,
				E8CD2E152962CD1A00BE400B /* FlurryLogger.swift */,
			);
			path = private;
			sourceTree = "<group>";
		};
		E8CD2E102962CD1A00BE400B /* Network */ = {
			isa = PBXGroup;
			children = (
				E8CD2E112962CD1A00BE400B /* TapNetworkPath.swift */,
				E8CD2E122962CD1A00BE400B /* NetworkManager.swift */,
				E8CD2E132962CD1A00BE400B /* NetworkManagerExtension.swift */,
				E8CD2E142962CD1A00BE400B /* TapCreateTokenWithApplePayRequest.swift */,
			);
			path = Network;
			sourceTree = "<group>";
		};
		E8CD2E292962CD7300BE400B /* YBTextPicker */ = {
			isa = PBXGroup;
			children = (
				E8CD2E2A2962CD7300BE400B /* YBTextPickerDataModel.swift */,
				E8CD2E2B2962CD7300BE400B /* YBTextPickerCell */,
				E8CD2E2E2962CD7300BE400B /* YBTextPicker.swift */,
				E8CD2E2F2962CD7300BE400B /* Assets */,
				E8CD2E322962CD7300BE400B /* YBTextPicker.xib */,
			);
			path = YBTextPicker;
			sourceTree = "<group>";
		};
		E8CD2E2B2962CD7300BE400B /* YBTextPickerCell */ = {
			isa = PBXGroup;
			children = (
				E8CD2E2C2962CD7300BE400B /* YBTextPickerCell.xib */,
				E8CD2E2D2962CD7300BE400B /* YBTextPickerCell.swift */,
			);
			path = YBTextPickerCell;
			sourceTree = "<group>";
		};
		E8CD2E2F2962CD7300BE400B /* Assets */ = {
			isa = PBXGroup;
			children = (
				E8CD2E302962CD7300BE400B /* YBTextPicker_checked.png */,
				E8CD2E312962CD7300BE400B /* YBTextPicker_unchecked.png */,
			);
			path = Assets;
			sourceTree = "<group>";
		};
		E8CD2E3A2962E7E000BE400B /* Core */ = {
			isa = PBXGroup;
			children = (
				E8CD2E0D2962CD1A00BE400B /* Assets */,
				E8CD2E0F2962CD1A00BE400B /* private */,
				E8CD2DFD2962CD1A00BE400B /* public */,
			);
			path = Core;
			sourceTree = "<group>";
		};
/* End PBXGroup section */

/* Begin PBXHeadersBuildPhase section */
		E84B8BA22941ED1E00DFCDD1 /* Headers */ = {
			isa = PBXHeadersBuildPhase;
			buildActionMask = 2147483647;
			files = (
				E84B8BAD2941ED1E00DFCDD1 /* tapapplepaysdk.h in Headers */,
			);
			runOnlyForDeploymentPostprocessing = 0;
		};
/* End PBXHeadersBuildPhase section */

/* Begin PBXNativeTarget section */
		E84B8BA62941ED1E00DFCDD1 /* tapapplepaysdk */ = {
			isa = PBXNativeTarget;
			buildConfigurationList = E84B8BB02941ED1E00DFCDD1 /* Build configuration list for PBXNativeTarget "tapapplepaysdk" */;
			buildPhases = (
				8FDF5C57128CD485AD64020F /* [CP] Check Pods Manifest.lock */,
				E84B8BA22941ED1E00DFCDD1 /* Headers */,
				E84B8BA32941ED1E00DFCDD1 /* Sources */,
				E84B8BA42941ED1E00DFCDD1 /* Frameworks */,
				E84B8BA52941ED1E00DFCDD1 /* Resources */,
			);
			buildRules = (
			);
			dependencies = (
			);
			name = tapapplepaysdk;
			productName = tapapplepaysdk;
			productReference = E84B8BA72941ED1E00DFCDD1 /* tapapplepaysdk.framework */;
			productType = "com.apple.product-type.framework";
		};
		E84B8BB82941ED8C00DFCDD1 /* ApplePaySDKExample */ = {
			isa = PBXNativeTarget;
			buildConfigurationList = E84B8BCA2941ED8E00DFCDD1 /* Build configuration list for PBXNativeTarget "ApplePaySDKExample" */;
			buildPhases = (
				3349538BDED65A5DB5A26EB0 /* [CP] Check Pods Manifest.lock */,
				E84B8BB52941ED8C00DFCDD1 /* Sources */,
				E84B8BB62941ED8C00DFCDD1 /* Frameworks */,
				E84B8BB72941ED8C00DFCDD1 /* Resources */,
				E84B8BD22941EDB000DFCDD1 /* Embed Frameworks */,
				15F4EFBA793DE17221E55374 /* [CP] Embed Pods Frameworks */,
			);
			buildRules = (
			);
			dependencies = (
				E84B8BD12941EDB000DFCDD1 /* PBXTargetDependency */,
			);
			name = ApplePaySDKExample;
			productName = ApplePaySDKExample;
			productReference = E84B8BB92941ED8C00DFCDD1 /* ApplePaySDKExample.app */;
			productType = "com.apple.product-type.application";
		};
/* End PBXNativeTarget section */

/* Begin PBXProject section */
		E84B8B9E2941ED1E00DFCDD1 /* Project object */ = {
			isa = PBXProject;
			attributes = {
				BuildIndependentTargetsInParallel = 1;
				LastSwiftUpdateCheck = 1410;
				LastUpgradeCheck = 1410;
				TargetAttributes = {
					E84B8BA62941ED1E00DFCDD1 = {
						CreatedOnToolsVersion = 14.1;
					};
					E84B8BB82941ED8C00DFCDD1 = {
						CreatedOnToolsVersion = 14.1;
					};
				};
			};
			buildConfigurationList = E84B8BA12941ED1E00DFCDD1 /* Build configuration list for PBXProject "tapapplepaysdk" */;
			compatibilityVersion = "Xcode 13.0";
			developmentRegion = en;
			hasScannedForEncodings = 0;
			knownRegions = (
				en,
				Base,
			);
			mainGroup = E84B8B9D2941ED1E00DFCDD1;
			productRefGroup = E84B8BA82941ED1E00DFCDD1 /* Products */;
			projectDirPath = "";
			projectRoot = "";
			targets = (
				E84B8BA62941ED1E00DFCDD1 /* tapapplepaysdk */,
				E84B8BB82941ED8C00DFCDD1 /* ApplePaySDKExample */,
			);
		};
/* End PBXProject section */

/* Begin PBXResourcesBuildPhase section */
		E84B8BA52941ED1E00DFCDD1 /* Resources */ = {
			isa = PBXResourcesBuildPhase;
			buildActionMask = 2147483647;
			files = (
				E8CD2E222962CD1A00BE400B /* TapApplePayButton.xib in Resources */,
			);
			runOnlyForDeploymentPostprocessing = 0;
		};
		E84B8BB72941ED8C00DFCDD1 /* Resources */ = {
			isa = PBXResourcesBuildPhase;
			buildActionMask = 2147483647;
			files = (
				E8CD2E382962CD7300BE400B /* YBTextPicker_unchecked.png in Resources */,
				E84B8BC82941ED8E00DFCDD1 /* LaunchScreen.storyboard in Resources */,
				E84B8BC52941ED8E00DFCDD1 /* Assets.xcassets in Resources */,
				E84B8BC32941ED8C00DFCDD1 /* Main.storyboard in Resources */,
				E8CD2E342962CD7300BE400B /* YBTextPickerCell.xib in Resources */,
				E8CD2E372962CD7300BE400B /* YBTextPicker_checked.png in Resources */,
				E8CD2E392962CD7300BE400B /* YBTextPicker.xib in Resources */,
			);
			runOnlyForDeploymentPostprocessing = 0;
		};
/* End PBXResourcesBuildPhase section */

/* Begin PBXShellScriptBuildPhase section */
		15F4EFBA793DE17221E55374 /* [CP] Embed Pods Frameworks */ = {
			isa = PBXShellScriptBuildPhase;
			buildActionMask = 2147483647;
			files = (
			);
			inputFileListPaths = (
				"${PODS_ROOT}/Target Support Files/Pods-ApplePaySDKExample/Pods-ApplePaySDKExample-frameworks-${CONFIGURATION}-input-files.xcfilelist",
			);
			name = "[CP] Embed Pods Frameworks";
			outputFileListPaths = (
				"${PODS_ROOT}/Target Support Files/Pods-ApplePaySDKExample/Pods-ApplePaySDKExample-frameworks-${CONFIGURATION}-output-files.xcfilelist",
			);
			runOnlyForDeploymentPostprocessing = 0;
			shellPath = /bin/sh;
			shellScript = "\"${PODS_ROOT}/Target Support Files/Pods-ApplePaySDKExample/Pods-ApplePaySDKExample-frameworks.sh\"\n";
			showEnvVarsInLog = 0;
		};
		3349538BDED65A5DB5A26EB0 /* [CP] Check Pods Manifest.lock */ = {
			isa = PBXShellScriptBuildPhase;
			buildActionMask = 2147483647;
			files = (
			);
			inputFileListPaths = (
			);
			inputPaths = (
				"${PODS_PODFILE_DIR_PATH}/Podfile.lock",
				"${PODS_ROOT}/Manifest.lock",
			);
			name = "[CP] Check Pods Manifest.lock";
			outputFileListPaths = (
			);
			outputPaths = (
				"$(DERIVED_FILE_DIR)/Pods-ApplePaySDKExample-checkManifestLockResult.txt",
			);
			runOnlyForDeploymentPostprocessing = 0;
			shellPath = /bin/sh;
			shellScript = "diff \"${PODS_PODFILE_DIR_PATH}/Podfile.lock\" \"${PODS_ROOT}/Manifest.lock\" > /dev/null\nif [ $? != 0 ] ; then\n    # print error to STDERR\n    echo \"error: The sandbox is not in sync with the Podfile.lock. Run 'pod install' or update your CocoaPods installation.\" >&2\n    exit 1\nfi\n# This output is used by Xcode 'outputs' to avoid re-running this script phase.\necho \"SUCCESS\" > \"${SCRIPT_OUTPUT_FILE_0}\"\n";
			showEnvVarsInLog = 0;
		};
		8FDF5C57128CD485AD64020F /* [CP] Check Pods Manifest.lock */ = {
			isa = PBXShellScriptBuildPhase;
			buildActionMask = 2147483647;
			files = (
			);
			inputFileListPaths = (
			);
			inputPaths = (
				"${PODS_PODFILE_DIR_PATH}/Podfile.lock",
				"${PODS_ROOT}/Manifest.lock",
			);
			name = "[CP] Check Pods Manifest.lock";
			outputFileListPaths = (
			);
			outputPaths = (
				"$(DERIVED_FILE_DIR)/Pods-tapapplepaysdk-checkManifestLockResult.txt",
			);
			runOnlyForDeploymentPostprocessing = 0;
			shellPath = /bin/sh;
			shellScript = "diff \"${PODS_PODFILE_DIR_PATH}/Podfile.lock\" \"${PODS_ROOT}/Manifest.lock\" > /dev/null\nif [ $? != 0 ] ; then\n    # print error to STDERR\n    echo \"error: The sandbox is not in sync with the Podfile.lock. Run 'pod install' or update your CocoaPods installation.\" >&2\n    exit 1\nfi\n# This output is used by Xcode 'outputs' to avoid re-running this script phase.\necho \"SUCCESS\" > \"${SCRIPT_OUTPUT_FILE_0}\"\n";
			showEnvVarsInLog = 0;
		};
/* End PBXShellScriptBuildPhase section */

/* Begin PBXSourcesBuildPhase section */
		E84B8BA32941ED1E00DFCDD1 /* Sources */ = {
			isa = PBXSourcesBuildPhase;
			buildActionMask = 2147483647;
			files = (
				E8CD2E172962CD1A00BE400B /* TapApplePayPaymentNetwork.swift in Sources */,
				E8CD2E232962CD1A00BE400B /* TapNetworkPath.swift in Sources */,
				E8CD2E1B2962CD1A00BE400B /* TapApplePayRequest.swift in Sources */,
				E8CD2E162962CD1A00BE400B /* TapApplePayButtonStyleOutline.swift in Sources */,
				E8CD2E212962CD1A00BE400B /* TapApplePay.swift in Sources */,
				E8CD2E192962CD1A00BE400B /* TapApplePayButtonType.swift in Sources */,
				E8CD2E1D2962CD1A00BE400B /* Permissions.swift in Sources */,
				E8CD2E262962CD1A00BE400B /* TapCreateTokenWithApplePayRequest.swift in Sources */,
				E8CD2E1C2962CD1A00BE400B /* InternalSDKSettings.swift in Sources */,
				E84B8BAC2941ED1E00DFCDD1 /* tapapplepaysdk.docc in Sources */,
				E8CD2E202962CD1A00BE400B /* TapApplePayButton.swift in Sources */,
				E8CD2E272962CD1A00BE400B /* FlurryLogger.swift in Sources */,
				E8CD2E252962CD1A00BE400B /* NetworkManagerExtension.swift in Sources */,
				E8CD2E1F2962CD1A00BE400B /* Merchant.swift in Sources */,
				E8CD2E1E2962CD1A00BE400B /* ApiErrorModel.swift in Sources */,
				E8CD2E242962CD1A00BE400B /* NetworkManager.swift in Sources */,
				E8CD2E182962CD1A00BE400B /* TapApplePayStatus.swift in Sources */,
				E8CD2E1A2962CD1A00BE400B /* TapApplePayToken.swift in Sources */,
			);
			runOnlyForDeploymentPostprocessing = 0;
		};
		E84B8BB52941ED8C00DFCDD1 /* Sources */ = {
			isa = PBXSourcesBuildPhase;
			buildActionMask = 2147483647;
			files = (
				E84B8BC02941ED8C00DFCDD1 /* ViewController.swift in Sources */,
				E84B8BBC2941ED8C00DFCDD1 /* AppDelegate.swift in Sources */,
				E8CD2E352962CD7300BE400B /* YBTextPickerCell.swift in Sources */,
				E84B8BBE2941ED8C00DFCDD1 /* SceneDelegate.swift in Sources */,
				E8CD2E332962CD7300BE400B /* YBTextPickerDataModel.swift in Sources */,
				E8CD2E362962CD7300BE400B /* YBTextPicker.swift in Sources */,
			);
			runOnlyForDeploymentPostprocessing = 0;
		};
/* End PBXSourcesBuildPhase section */

/* Begin PBXTargetDependency section */
		E84B8BD12941EDB000DFCDD1 /* PBXTargetDependency */ = {
			isa = PBXTargetDependency;
			target = E84B8BA62941ED1E00DFCDD1 /* tapapplepaysdk */;
			targetProxy = E84B8BD02941EDB000DFCDD1 /* PBXContainerItemProxy */;
		};
/* End PBXTargetDependency section */

/* Begin PBXVariantGroup section */
		E84B8BC12941ED8C00DFCDD1 /* Main.storyboard */ = {
			isa = PBXVariantGroup;
			children = (
				E84B8BC22941ED8C00DFCDD1 /* Base */,
			);
			name = Main.storyboard;
			sourceTree = "<group>";
		};
		E84B8BC62941ED8E00DFCDD1 /* LaunchScreen.storyboard */ = {
			isa = PBXVariantGroup;
			children = (
				E84B8BC72941ED8E00DFCDD1 /* Base */,
			);
			name = LaunchScreen.storyboard;
			sourceTree = "<group>";
		};
/* End PBXVariantGroup section */

/* Begin XCBuildConfiguration section */
		E84B8BAE2941ED1E00DFCDD1 /* Debug */ = {
			isa = XCBuildConfiguration;
			buildSettings = {
				ALWAYS_SEARCH_USER_PATHS = NO;
				CLANG_ANALYZER_NONNULL = YES;
				CLANG_ANALYZER_NUMBER_OBJECT_CONVERSION = YES_AGGRESSIVE;
				CLANG_CXX_LANGUAGE_STANDARD = "gnu++20";
				CLANG_ENABLE_MODULES = YES;
				CLANG_ENABLE_OBJC_ARC = YES;
				CLANG_ENABLE_OBJC_WEAK = YES;
				CLANG_WARN_BLOCK_CAPTURE_AUTORELEASING = YES;
				CLANG_WARN_BOOL_CONVERSION = YES;
				CLANG_WARN_COMMA = YES;
				CLANG_WARN_CONSTANT_CONVERSION = YES;
				CLANG_WARN_DEPRECATED_OBJC_IMPLEMENTATIONS = YES;
				CLANG_WARN_DIRECT_OBJC_ISA_USAGE = YES_ERROR;
				CLANG_WARN_DOCUMENTATION_COMMENTS = YES;
				CLANG_WARN_EMPTY_BODY = YES;
				CLANG_WARN_ENUM_CONVERSION = YES;
				CLANG_WARN_INFINITE_RECURSION = YES;
				CLANG_WARN_INT_CONVERSION = YES;
				CLANG_WARN_NON_LITERAL_NULL_CONVERSION = YES;
				CLANG_WARN_OBJC_IMPLICIT_RETAIN_SELF = YES;
				CLANG_WARN_OBJC_LITERAL_CONVERSION = YES;
				CLANG_WARN_OBJC_ROOT_CLASS = YES_ERROR;
				CLANG_WARN_QUOTED_INCLUDE_IN_FRAMEWORK_HEADER = YES;
				CLANG_WARN_RANGE_LOOP_ANALYSIS = YES;
				CLANG_WARN_STRICT_PROTOTYPES = YES;
				CLANG_WARN_SUSPICIOUS_MOVE = YES;
				CLANG_WARN_UNGUARDED_AVAILABILITY = YES_AGGRESSIVE;
				CLANG_WARN_UNREACHABLE_CODE = YES;
				CLANG_WARN__DUPLICATE_METHOD_MATCH = YES;
				COPY_PHASE_STRIP = NO;
				CURRENT_PROJECT_VERSION = 1;
				DEBUG_INFORMATION_FORMAT = dwarf;
				ENABLE_STRICT_OBJC_MSGSEND = YES;
				ENABLE_TESTABILITY = YES;
				GCC_C_LANGUAGE_STANDARD = gnu11;
				GCC_DYNAMIC_NO_PIC = NO;
				GCC_NO_COMMON_BLOCKS = YES;
				GCC_OPTIMIZATION_LEVEL = 0;
				GCC_PREPROCESSOR_DEFINITIONS = (
					"DEBUG=1",
					"$(inherited)",
				);
				GCC_WARN_64_TO_32_BIT_CONVERSION = YES;
				GCC_WARN_ABOUT_RETURN_TYPE = YES_ERROR;
				GCC_WARN_UNDECLARED_SELECTOR = YES;
				GCC_WARN_UNINITIALIZED_AUTOS = YES_AGGRESSIVE;
				GCC_WARN_UNUSED_FUNCTION = YES;
				GCC_WARN_UNUSED_VARIABLE = YES;
				IPHONEOS_DEPLOYMENT_TARGET = 13.0;
				MTL_ENABLE_DEBUG_INFO = INCLUDE_SOURCE;
				MTL_FAST_MATH = YES;
				ONLY_ACTIVE_ARCH = YES;
				SDKROOT = iphoneos;
				SWIFT_ACTIVE_COMPILATION_CONDITIONS = DEBUG;
				SWIFT_OPTIMIZATION_LEVEL = "-Onone";
				VERSIONING_SYSTEM = "apple-generic";
				VERSION_INFO_PREFIX = "";
			};
			name = Debug;
		};
		E84B8BAF2941ED1E00DFCDD1 /* Release */ = {
			isa = XCBuildConfiguration;
			buildSettings = {
				ALWAYS_SEARCH_USER_PATHS = NO;
				CLANG_ANALYZER_NONNULL = YES;
				CLANG_ANALYZER_NUMBER_OBJECT_CONVERSION = YES_AGGRESSIVE;
				CLANG_CXX_LANGUAGE_STANDARD = "gnu++20";
				CLANG_ENABLE_MODULES = YES;
				CLANG_ENABLE_OBJC_ARC = YES;
				CLANG_ENABLE_OBJC_WEAK = YES;
				CLANG_WARN_BLOCK_CAPTURE_AUTORELEASING = YES;
				CLANG_WARN_BOOL_CONVERSION = YES;
				CLANG_WARN_COMMA = YES;
				CLANG_WARN_CONSTANT_CONVERSION = YES;
				CLANG_WARN_DEPRECATED_OBJC_IMPLEMENTATIONS = YES;
				CLANG_WARN_DIRECT_OBJC_ISA_USAGE = YES_ERROR;
				CLANG_WARN_DOCUMENTATION_COMMENTS = YES;
				CLANG_WARN_EMPTY_BODY = YES;
				CLANG_WARN_ENUM_CONVERSION = YES;
				CLANG_WARN_INFINITE_RECURSION = YES;
				CLANG_WARN_INT_CONVERSION = YES;
				CLANG_WARN_NON_LITERAL_NULL_CONVERSION = YES;
				CLANG_WARN_OBJC_IMPLICIT_RETAIN_SELF = YES;
				CLANG_WARN_OBJC_LITERAL_CONVERSION = YES;
				CLANG_WARN_OBJC_ROOT_CLASS = YES_ERROR;
				CLANG_WARN_QUOTED_INCLUDE_IN_FRAMEWORK_HEADER = YES;
				CLANG_WARN_RANGE_LOOP_ANALYSIS = YES;
				CLANG_WARN_STRICT_PROTOTYPES = YES;
				CLANG_WARN_SUSPICIOUS_MOVE = YES;
				CLANG_WARN_UNGUARDED_AVAILABILITY = YES_AGGRESSIVE;
				CLANG_WARN_UNREACHABLE_CODE = YES;
				CLANG_WARN__DUPLICATE_METHOD_MATCH = YES;
				COPY_PHASE_STRIP = NO;
				CURRENT_PROJECT_VERSION = 1;
				DEBUG_INFORMATION_FORMAT = "dwarf-with-dsym";
				ENABLE_NS_ASSERTIONS = NO;
				ENABLE_STRICT_OBJC_MSGSEND = YES;
				GCC_C_LANGUAGE_STANDARD = gnu11;
				GCC_NO_COMMON_BLOCKS = YES;
				GCC_WARN_64_TO_32_BIT_CONVERSION = YES;
				GCC_WARN_ABOUT_RETURN_TYPE = YES_ERROR;
				GCC_WARN_UNDECLARED_SELECTOR = YES;
				GCC_WARN_UNINITIALIZED_AUTOS = YES_AGGRESSIVE;
				GCC_WARN_UNUSED_FUNCTION = YES;
				GCC_WARN_UNUSED_VARIABLE = YES;
				IPHONEOS_DEPLOYMENT_TARGET = 13.0;
				MTL_ENABLE_DEBUG_INFO = NO;
				MTL_FAST_MATH = YES;
				SDKROOT = iphoneos;
				SWIFT_COMPILATION_MODE = wholemodule;
				SWIFT_OPTIMIZATION_LEVEL = "-O";
				VALIDATE_PRODUCT = YES;
				VERSIONING_SYSTEM = "apple-generic";
				VERSION_INFO_PREFIX = "";
			};
			name = Release;
		};
		E84B8BB12941ED1E00DFCDD1 /* Debug */ = {
			isa = XCBuildConfiguration;
			baseConfigurationReference = 5238C1F9C7D7BD3B45155297 /* Pods-tapapplepaysdk.debug.xcconfig */;
			buildSettings = {
				CODE_SIGN_STYLE = Automatic;
				CURRENT_PROJECT_VERSION = 1;
				DEFINES_MODULE = YES;
				DEVELOPMENT_TEAM = G46S76PUH4;
				DYLIB_COMPATIBILITY_VERSION = 1;
				DYLIB_CURRENT_VERSION = 1;
				DYLIB_INSTALL_NAME_BASE = "@rpath";
				GENERATE_INFOPLIST_FILE = YES;
				INFOPLIST_KEY_NSHumanReadableCopyright = "";
				INSTALL_PATH = "$(LOCAL_LIBRARY_DIR)/Frameworks";
				IPHONEOS_DEPLOYMENT_TARGET = 13.0;
				LD_RUNPATH_SEARCH_PATHS = (
					"$(inherited)",
					"@executable_path/Frameworks",
					"@loader_path/Frameworks",
				);
				MARKETING_VERSION = 1.0;
				PRODUCT_BUNDLE_IDENTIFIER = tap.company.tapapplepaysdk;
				PRODUCT_NAME = "$(TARGET_NAME:c99extidentifier)";
				SKIP_INSTALL = YES;
				SWIFT_EMIT_LOC_STRINGS = YES;
				SWIFT_VERSION = 5.0;
				TARGETED_DEVICE_FAMILY = "1,2";
			};
			name = Debug;
		};
		E84B8BB22941ED1E00DFCDD1 /* Release */ = {
			isa = XCBuildConfiguration;
			baseConfigurationReference = 8C2AB235F5601D1B9636163E /* Pods-tapapplepaysdk.release.xcconfig */;
			buildSettings = {
				CODE_SIGN_STYLE = Automatic;
				CURRENT_PROJECT_VERSION = 1;
				DEFINES_MODULE = YES;
				DEVELOPMENT_TEAM = G46S76PUH4;
				DYLIB_COMPATIBILITY_VERSION = 1;
				DYLIB_CURRENT_VERSION = 1;
				DYLIB_INSTALL_NAME_BASE = "@rpath";
				GENERATE_INFOPLIST_FILE = YES;
				INFOPLIST_KEY_NSHumanReadableCopyright = "";
				INSTALL_PATH = "$(LOCAL_LIBRARY_DIR)/Frameworks";
				IPHONEOS_DEPLOYMENT_TARGET = 13.0;
				LD_RUNPATH_SEARCH_PATHS = (
					"$(inherited)",
					"@executable_path/Frameworks",
					"@loader_path/Frameworks",
				);
				MARKETING_VERSION = 1.0;
				PRODUCT_BUNDLE_IDENTIFIER = tap.company.tapapplepaysdk;
				PRODUCT_NAME = "$(TARGET_NAME:c99extidentifier)";
				SKIP_INSTALL = YES;
				SWIFT_EMIT_LOC_STRINGS = YES;
				SWIFT_VERSION = 5.0;
				TARGETED_DEVICE_FAMILY = "1,2";
			};
			name = Release;
		};
		E84B8BCB2941ED8E00DFCDD1 /* Debug */ = {
			isa = XCBuildConfiguration;
			baseConfigurationReference = 3E99A446D9163C697232A133 /* Pods-ApplePaySDKExample.debug.xcconfig */;
			buildSettings = {
				ALWAYS_EMBED_SWIFT_STANDARD_LIBRARIES = YES;
				ASSETCATALOG_COMPILER_APPICON_NAME = AppIcon;
				ASSETCATALOG_COMPILER_GLOBAL_ACCENT_COLOR_NAME = AccentColor;
				CODE_SIGN_ENTITLEMENTS = ApplePaySDKExample/ApplePaySDKExample.entitlements;
				CODE_SIGN_STYLE = Automatic;
				CURRENT_PROJECT_VERSION = 1;
				DEVELOPMENT_TEAM = G46S76PUH4;
				GENERATE_INFOPLIST_FILE = YES;
				INFOPLIST_FILE = ApplePaySDKExample/Info.plist;
				INFOPLIST_KEY_UIApplicationSupportsIndirectInputEvents = YES;
				INFOPLIST_KEY_UILaunchStoryboardName = LaunchScreen;
				INFOPLIST_KEY_UIMainStoryboardFile = Main;
				INFOPLIST_KEY_UISupportedInterfaceOrientations_iPad = "UIInterfaceOrientationPortrait UIInterfaceOrientationPortraitUpsideDown UIInterfaceOrientationLandscapeLeft UIInterfaceOrientationLandscapeRight";
				INFOPLIST_KEY_UISupportedInterfaceOrientations_iPhone = "UIInterfaceOrientationPortrait UIInterfaceOrientationLandscapeLeft UIInterfaceOrientationLandscapeRight";
				IPHONEOS_DEPLOYMENT_TARGET = 13.0;
				LD_RUNPATH_SEARCH_PATHS = (
					"$(inherited)",
					"@executable_path/Frameworks",
				);
				MARKETING_VERSION = 1.0;
				PRODUCT_BUNDLE_IDENTIFIER = tap.company.ApplePaySDKExample;
				PRODUCT_NAME = "$(TARGET_NAME)";
				SWIFT_EMIT_LOC_STRINGS = YES;
				SWIFT_VERSION = 5.0;
				TARGETED_DEVICE_FAMILY = "1,2";
			};
			name = Debug;
		};
		E84B8BCC2941ED8E00DFCDD1 /* Release */ = {
			isa = XCBuildConfiguration;
			baseConfigurationReference = DE9AD022CBFFE9F064632761 /* Pods-ApplePaySDKExample.release.xcconfig */;
			buildSettings = {
				ALWAYS_EMBED_SWIFT_STANDARD_LIBRARIES = YES;
				ASSETCATALOG_COMPILER_APPICON_NAME = AppIcon;
				ASSETCATALOG_COMPILER_GLOBAL_ACCENT_COLOR_NAME = AccentColor;
				CODE_SIGN_ENTITLEMENTS = ApplePaySDKExample/ApplePaySDKExample.entitlements;
				CODE_SIGN_STYLE = Automatic;
				CURRENT_PROJECT_VERSION = 1;
				DEVELOPMENT_TEAM = G46S76PUH4;
				GENERATE_INFOPLIST_FILE = YES;
				INFOPLIST_FILE = ApplePaySDKExample/Info.plist;
				INFOPLIST_KEY_UIApplicationSupportsIndirectInputEvents = YES;
				INFOPLIST_KEY_UILaunchStoryboardName = LaunchScreen;
				INFOPLIST_KEY_UIMainStoryboardFile = Main;
				INFOPLIST_KEY_UISupportedInterfaceOrientations_iPad = "UIInterfaceOrientationPortrait UIInterfaceOrientationPortraitUpsideDown UIInterfaceOrientationLandscapeLeft UIInterfaceOrientationLandscapeRight";
				INFOPLIST_KEY_UISupportedInterfaceOrientations_iPhone = "UIInterfaceOrientationPortrait UIInterfaceOrientationLandscapeLeft UIInterfaceOrientationLandscapeRight";
				IPHONEOS_DEPLOYMENT_TARGET = 13.0;
				LD_RUNPATH_SEARCH_PATHS = (
					"$(inherited)",
					"@executable_path/Frameworks",
				);
				MARKETING_VERSION = 1.0;
				PRODUCT_BUNDLE_IDENTIFIER = tap.company.ApplePaySDKExample;
				PRODUCT_NAME = "$(TARGET_NAME)";
				SWIFT_EMIT_LOC_STRINGS = YES;
				SWIFT_VERSION = 5.0;
				TARGETED_DEVICE_FAMILY = "1,2";
			};
			name = Release;
		};
/* End XCBuildConfiguration section */

/* Begin XCConfigurationList section */
		E84B8BA12941ED1E00DFCDD1 /* Build configuration list for PBXProject "tapapplepaysdk" */ = {
			isa = XCConfigurationList;
			buildConfigurations = (
				E84B8BAE2941ED1E00DFCDD1 /* Debug */,
				E84B8BAF2941ED1E00DFCDD1 /* Release */,
			);
			defaultConfigurationIsVisible = 0;
			defaultConfigurationName = Release;
		};
		E84B8BB02941ED1E00DFCDD1 /* Build configuration list for PBXNativeTarget "tapapplepaysdk" */ = {
			isa = XCConfigurationList;
			buildConfigurations = (
				E84B8BB12941ED1E00DFCDD1 /* Debug */,
				E84B8BB22941ED1E00DFCDD1 /* Release */,
			);
			defaultConfigurationIsVisible = 0;
			defaultConfigurationName = Release;
		};
		E84B8BCA2941ED8E00DFCDD1 /* Build configuration list for PBXNativeTarget "ApplePaySDKExample" */ = {
			isa = XCConfigurationList;
			buildConfigurations = (
				E84B8BCB2941ED8E00DFCDD1 /* Debug */,
				E84B8BCC2941ED8E00DFCDD1 /* Release */,
			);
			defaultConfigurationIsVisible = 0;
			defaultConfigurationName = Release;
		};
/* End XCConfigurationList section */
	};
	rootObject = E84B8B9E2941ED1E00DFCDD1 /* Project object */;
}
